
Microsoft Visual Studio Solution File, Format Version 12.00
# Visual Studio 15
VisualStudioVersion = 15.0.28307.1738
MinimumVisualStudioVersion = 10.0.40219.1
Project("{FAE04EC0-301F-11D3-BF4B-00C04F79EFBC}") = "ConsoleApp2", "ConsoleApp2\ConsoleApp2.csproj", "{EB0A708B-9BFA-45DA-B13C-5918F339EC4D}"
EndProject
Global
	GlobalSection(SolutionConfigurationPlatforms) = preSolution
		Debug|Any CPU = Debug|Any CPU
		Release|Any CPU = Release|Any CPU
	EndGlobalSection
	GlobalSection(ProjectConfigurationPlatforms) = postSolution
		{EB0A708B-9BFA-45DA-B13C-5918F339EC4D}.Debug|Any CPU.ActiveCfg = Debug|Any CPU
		{EB0A708B-9BFA-45DA-B13C-5918F339EC4D}.Debug|Any CPU.Build.0 = Debug|Any CPU
		{EB0A708B-9BFA-45DA-B13C-5918F339EC4D}.Release|Any CPU.ActiveCfg = Release|Any CPU
		{EB0A708B-9BFA-45DA-B13C-5918F339EC4D}.Release|Any CPU.Build.0 = Release|Any CPU
	EndGlobalSection
	GlobalSection(SolutionProperties) = preSolution
		HideSolutionNode = FALSE
	EndGlobalSection
	GlobalSection(ExtensibilityGlobals) = postSolution
		SolutionGuid = {BBDCD3AC-80D1-4EBA-96C1-DCA5040B4797}
	EndGlobalSection
EndGlobal
