
Microsoft Visual Studio Solution File, Format Version 12.00
# Visual Studio 15
VisualStudioVersion = 15.0.28307.1738
MinimumVisualStudioVersion = 10.0.40219.1
Project("{FAE04EC0-301F-11D3-BF4B-00C04F79EFBC}") = "ConsoleApp4", "ConsoleApp4\ConsoleApp4.csproj", "{50503AB6-84C2-4D38-95AB-38E18FBC2D86}"
EndProject
Global
	GlobalSection(SolutionConfigurationPlatforms) = preSolution
		Debug|Any CPU = Debug|Any CPU
		Release|Any CPU = Release|Any CPU
	EndGlobalSection
	GlobalSection(ProjectConfigurationPlatforms) = postSolution
		{50503AB6-84C2-4D38-95AB-38E18FBC2D86}.Debug|Any CPU.ActiveCfg = Debug|Any CPU
		{50503AB6-84C2-4D38-95AB-38E18FBC2D86}.Debug|Any CPU.Build.0 = Debug|Any CPU
		{50503AB6-84C2-4D38-95AB-38E18FBC2D86}.Release|Any CPU.ActiveCfg = Release|Any CPU
		{50503AB6-84C2-4D38-95AB-38E18FBC2D86}.Release|Any CPU.Build.0 = Release|Any CPU
	EndGlobalSection
	GlobalSection(SolutionProperties) = preSolution
		HideSolutionNode = FALSE
	EndGlobalSection
	GlobalSection(ExtensibilityGlobals) = postSolution
		SolutionGuid = {BD7011C5-B588-4807-B266-EB6C65551668}
	EndGlobalSection
EndGlobal
